
Microsoft Visual Studio Solution File, Format Version 12.00
# Visual Studio Version 16
VisualStudioVersion = 16.0.31025.194
MinimumVisualStudioVersion = 10.0.40219.1
Project("{FAE04EC0-301F-11D3-BF4B-00C04F79EFBC}") = "DoVanSang_5951071091_asp_mvc", "DoVanSang_5951071091_asp_mvc\DoVanSang_5951071091_asp_mvc.csproj", "{D4F34CA8-697A-4871-B5FD-A1894D429EC8}"
EndProject
Global
	GlobalSection(SolutionConfigurationPlatforms) = preSolution
		Debug|Any CPU = Debug|Any CPU
		Release|Any CPU = Release|Any CPU
	EndGlobalSection
	GlobalSection(ProjectConfigurationPlatforms) = postSolution
		{D4F34CA8-697A-4871-B5FD-A1894D429EC8}.Debug|Any CPU.ActiveCfg = Debug|Any CPU
		{D4F34CA8-697A-4871-B5FD-A1894D429EC8}.Debug|Any CPU.Build.0 = Debug|Any CPU
		{D4F34CA8-697A-4871-B5FD-A1894D429EC8}.Release|Any CPU.ActiveCfg = Release|Any CPU
		{D4F34CA8-697A-4871-B5FD-A1894D429EC8}.Release|Any CPU.Build.0 = Release|Any CPU
	EndGlobalSection
	GlobalSection(SolutionProperties) = preSolution
		HideSolutionNode = FALSE
	EndGlobalSection
	GlobalSection(ExtensibilityGlobals) = postSolution
		SolutionGuid = {A3E377AB-B665-4A81-9BAD-155DD7F891B6}
	EndGlobalSection
EndGlobal
